%{
  "amqp": {:hex, :amqp, "1.2.0", "d086308524fc296e09d12bdeb5e7a63f92fc51b7a3a40c08042efa6121fb483b", [:mix], [{:amqp_client, "~> 3.7.11", [hex: :amqp_client, repo: "hexpm", optional: false]}, {:goldrush, "~> 0.1.0", [hex: :goldrush, repo: "hexpm", optional: false]}, {:jsx, "~> 2.9", [hex: :jsx, repo: "hexpm", optional: false]}, {:lager, "~> 3.6.5", [hex: :lager, repo: "hexpm", optional: false]}, {:rabbit_common, "~> 3.7.11", [hex: :rabbit_common, repo: "hexpm", optional: false]}, {:ranch, "~> 1.7", [hex: :ranch, repo: "hexpm", optional: false]}, {:recon, "~> 2.3", [hex: :recon, repo: "hexpm", optional: false]}], "hexpm", "e828fd442c1cfa412c1d3d83e47d5f3efa763e255c9a400a17bcee80bb406cd5"},
  "amqp_client": {:hex, :amqp_client, "3.7.11", "e692b3ba59e6df93c13cec5feefb62c956fcdbae341565101c7668375cc387fe", [:make, :rebar3], [{:rabbit_common, "3.7.11", [hex: :rabbit_common, repo: "hexpm", optional: false]}], "hexpm", "98af27491b463fdf9455a69ac670bae68f3bbacee74eb4d7a9e9c3742d016786"},
  "connection": {:hex, :connection, "1.0.4", "a1cae72211f0eef17705aaededacac3eb30e6625b04a6117c1b2db6ace7d5976", [:mix], [], "hexpm", "4a0850c9be22a43af9920a71ab17c051f5f7d45c209e40269a1938832510e4d9"},
  "cowboy": {:hex, :cowboy, "2.7.0", "91ed100138a764355f43316b1d23d7ff6bdb0de4ea618cb5d8677c93a7a2f115", [:rebar3], [{:cowlib, "~> 2.8.0", [hex: :cowlib, repo: "hexpm", optional: false]}, {:ranch, "~> 1.7.1", [hex: :ranch, repo: "hexpm", optional: false]}], "hexpm", "04fd8c6a39edc6aaa9c26123009200fc61f92a3a94f3178c527b70b767c6e605"},
  "cowlib": {:hex, :cowlib, "2.8.0", "fd0ff1787db84ac415b8211573e9a30a3ebe71b5cbff7f720089972b2319c8a4", [:rebar3], [], "hexpm", "79f954a7021b302186a950a32869dbc185523d99d3e44ce430cd1f3289f41ed4"},
  "db_connection": {:hex, :db_connection, "2.2.2", "3bbca41b199e1598245b716248964926303b5d4609ff065125ce98bcd368939e", [:mix], [{:connection, "~> 1.0.2", [hex: :connection, repo: "hexpm", optional: false]}], "hexpm", "642af240d8a8affb93b4ba5a6fcd2bbcbdc327e1a524b825d383711536f8070c"},
  "decimal": {:hex, :decimal, "1.8.1", "a4ef3f5f3428bdbc0d35374029ffcf4ede8533536fa79896dd450168d9acdf3c", [:mix], [], "hexpm", "3cb154b00225ac687f6cbd4acc4b7960027c757a5152b369923ead9ddbca7aec"},
  "earmark": {:hex, :earmark, "1.4.2", "3aa0bd23bc4c61cf2f1e5d752d1bb470560a6f8539974f767a38923bb20e1d7f", [:mix], [], "hexpm", "5e8806285d8a3a8999bd38e4a73c58d28534c856bc38c44818e5ba85bbda16fb"},
  "ecto": {:hex, :ecto, "3.4.2", "6890af71025769bd27ef62b1ed1925cfe23f7f0460bcb3041da4b705215ff23e", [:mix], [{:decimal, "~> 1.6 or ~> 2.0", [hex: :decimal, repo: "hexpm", optional: false]}, {:jason, "~> 1.0", [hex: :jason, repo: "hexpm", optional: true]}, {:telemetry, "~> 0.4", [hex: :telemetry, repo: "hexpm", optional: false]}], "hexpm", "b3959b8a83e086202a4bd86b4b5e6e71f9f1840813de14a57d502d3fc2ef7132"},
  "ecto_sql": {:hex, :ecto_sql, "3.4.2", "3d842665a81ba2137b62aa70151afe81dae44824cd09b2076a255937ab4e2dc9", [:mix], [{:db_connection, "~> 2.2", [hex: :db_connection, repo: "hexpm", optional: false]}, {:ecto, "~> 3.4.0", [hex: :ecto, repo: "hexpm", optional: false]}, {:myxql, "~> 0.3.0 or ~> 0.4.0", [hex: :myxql, repo: "hexpm", optional: true]}, {:postgrex, "~> 0.15.0", [hex: :postgrex, repo: "hexpm", optional: true]}, {:tds, "~> 2.1.0", [hex: :tds, repo: "hexpm", optional: true]}, {:telemetry, "~> 0.4.0", [hex: :telemetry, repo: "hexpm", optional: false]}], "hexpm", "f2b064102467e1525314a464b6fea0707ff28ee132a15006727ccf51b73492ff"},
  "elixir_uuid": {:hex, :elixir_uuid, "1.2.1", "dce506597acb7e6b0daeaff52ff6a9043f5919a4c3315abb4143f0b00378c097", [:mix], [], "hexpm", "f7eba2ea6c3555cea09706492716b0d87397b88946e6380898c2889d68585752"},
  "ex_doc": {:hex, :ex_doc, "0.21.2", "caca5bc28ed7b3bdc0b662f8afe2bee1eedb5c3cf7b322feeeb7c6ebbde089d6", [:mix], [{:earmark, "~> 1.3.3 or ~> 1.4", [hex: :earmark, repo: "hexpm", optional: false]}, {:makeup_elixir, "~> 0.14", [hex: :makeup_elixir, repo: "hexpm", optional: false]}], "hexpm", "f1155337ae17ff7a1255217b4c1ceefcd1860b7ceb1a1874031e7a861b052e39"},
  "ex_machina": {:hex, :ex_machina, "2.3.0", "92a5ad0a8b10ea6314b876a99c8c9e3f25f4dde71a2a835845b136b9adaf199a", [:mix], [{:ecto, "~> 2.2 or ~> 3.0", [hex: :ecto, repo: "hexpm", optional: true]}, {:ecto_sql, "~> 3.0", [hex: :ecto_sql, repo: "hexpm", optional: true]}], "hexpm", "b84f6af156264530b312a8ab98ac6088f6b77ae5fe2058305c81434aa01fbaf9"},
  "file_system": {:hex, :file_system, "0.2.7", "e6f7f155970975789f26e77b8b8d8ab084c59844d8ecfaf58cbda31c494d14aa", [:mix], [], "hexpm", "b4cfa2d69c7f0b18fd06db222b2398abeef743a72504e6bd7df9c52f171b047f"},
  "floki": {:hex, :floki, "0.23.0", "956ab6dba828c96e732454809fb0bd8d43ce0979b75f34de6322e73d4c917829", [:mix], [{:html_entities, "~> 0.4.0", [hex: :html_entities, repo: "hexpm", optional: false]}], "hexpm", "e680b5ef0b61ce02faa7137db8d1714903a5552be4c89fb57293b8770e7f49c2"},
  "gettext": {:hex, :gettext, "0.17.1", "8baab33482df4907b3eae22f719da492cee3981a26e649b9c2be1c0192616962", [:mix], [], "hexpm", "f7d97341e536f95b96eef2988d6d4230f7262cf239cda0e2e63123ee0b717222"},
  "goldrush": {:hex, :goldrush, "0.1.9", "f06e5d5f1277da5c413e84d5a2924174182fb108dabb39d5ec548b27424cd106", [:rebar3], [], "hexpm", "99cb4128cffcb3227581e5d4d803d5413fa643f4eb96523f77d9e6937d994ceb"},
  "google_protos": {:hex, :google_protos, "0.1.0", "c6b9e12092d17571b093d4156d004494ca143b65dbbcbfc3ffff463ea03467c0", [:mix], [{:protobuf, "~> 0.5", [hex: :protobuf, repo: "hexpm", optional: false]}], "hexpm", "ff5564525f89d2638a4cfa9fb4d31e9ee9d9d7cb937b3e8a95f558440c039e1b"},
  "html_entities": {:hex, :html_entities, "0.4.0", "f2fee876858cf6aaa9db608820a3209e45a087c5177332799592142b50e89a6b", [:mix], [], "hexpm", "3e3d7156a272950373ce5a4018b1490bea26676f8d6a7d409f6fac8568b8cb9a"},
  "jason": {:hex, :jason, "1.2.0", "10043418c42d2493d0ee212d3fddd25d7ffe484380afad769a0a38795938e448", [:mix], [{:decimal, "~> 1.0", [hex: :decimal, repo: "hexpm", optional: true]}], "hexpm", "116747dbe057794c3a3e4e143b7c8390b29f634e16c78a7f59ba75bfa6852e7f"},
  "jsx": {:hex, :jsx, "2.9.0", "d2f6e5f069c00266cad52fb15d87c428579ea4d7d73a33669e12679e203329dd", [:mix, :rebar3], [], "hexpm", "8ee1db1cabafdd578a2776a6aaae87c2a8ce54b47b59e9ec7dab5d7eb71cd8dc"},
  "lager": {:hex, :lager, "3.6.5", "831910109f3fcb503debf658ca0538836b348c58bfbf349a6d48228096ce9040", [:rebar3], [{:goldrush, "0.1.9", [hex: :goldrush, repo: "hexpm", optional: false]}], "hexpm", "454ad6840c0a9cbb48422782431be10c99d5fe7c3a6b72c6143813d8d47a679f"},
  "makeup": {:hex, :makeup, "1.0.0", "671df94cf5a594b739ce03b0d0316aa64312cee2574b6a44becb83cd90fb05dc", [:mix], [{:nimble_parsec, "~> 0.5.0", [hex: :nimble_parsec, repo: "hexpm", optional: false]}], "hexpm", "a10c6eb62cca416019663129699769f0c2ccf39428b3bb3c0cb38c718a0c186d"},
  "makeup_elixir": {:hex, :makeup_elixir, "0.14.0", "cf8b7c66ad1cff4c14679698d532f0b5d45a3968ffbcbfd590339cb57742f1ae", [:mix], [{:makeup, "~> 1.0", [hex: :makeup, repo: "hexpm", optional: false]}], "hexpm", "d4b316c7222a85bbaa2fd7c6e90e37e953257ad196dc229505137c5e505e9eff"},
  "mime": {:hex, :mime, "1.3.1", "30ce04ab3175b6ad0bdce0035cba77bba68b813d523d1aac73d9781b4d193cf8", [:mix], [], "hexpm", "6cbe761d6a0ca5a31a0931bf4c63204bceb64538e664a8ecf784a9a6f3b875f1"},
  "mox": {:hex, :mox, "0.5.1", "f86bb36026aac1e6f924a4b6d024b05e9adbed5c63e8daa069bd66fb3292165b", [:mix], [], "hexpm", "052346cf322311c49a0f22789f3698eea030eec09b8c47367f0686ef2634ae14"},
  "nimble_parsec": {:hex, :nimble_parsec, "0.5.2", "1d71150d5293d703a9c38d4329da57d3935faed2031d64bc19e77b654ef2d177", [:mix], [], "hexpm", "51aa192e0941313c394956718bdb1e59325874f88f45871cff90345b97f60bba"},
  "phoenix": {:hex, :phoenix, "1.4.10", "619e4a545505f562cd294df52294372d012823f4fd9d34a6657a8b242898c255", [:mix], [{:jason, "~> 1.0", [hex: :jason, repo: "hexpm", optional: true]}, {:phoenix_pubsub, "~> 1.1", [hex: :phoenix_pubsub, repo: "hexpm", optional: false]}, {:plug, "~> 1.8.1 or ~> 1.9", [hex: :plug, repo: "hexpm", optional: false]}, {:plug_cowboy, "~> 1.0 or ~> 2.0", [hex: :plug_cowboy, repo: "hexpm", optional: true]}, {:telemetry, "~> 0.4", [hex: :telemetry, repo: "hexpm", optional: false]}], "hexpm", "256ad7a140efadc3f0290470369da5bd3de985ec7c706eba07c2641b228974be"},
  "phoenix_ecto": {:hex, :phoenix_ecto, "4.0.0", "c43117a136e7399ea04ecaac73f8f23ee0ffe3e07acfcb8062fe5f4c9f0f6531", [:mix], [{:ecto, "~> 3.0", [hex: :ecto, repo: "hexpm", optional: false]}, {:phoenix_html, "~> 2.9", [hex: :phoenix_html, repo: "hexpm", optional: true]}, {:plug, "~> 1.0", [hex: :plug, repo: "hexpm", optional: false]}], "hexpm", "fe15d9fee5b82f5e64800502011ffe530650d42e1710ae9b14bc4c9be38bf303"},
  "phoenix_html": {:hex, :phoenix_html, "2.13.3", "850e292ff6e204257f5f9c4c54a8cb1f6fbc16ed53d360c2b780a3d0ba333867", [:mix], [{:plug, "~> 1.5", [hex: :plug, repo: "hexpm", optional: false]}], "hexpm", "8b01b3d6d39731ab18aa548d928b5796166d2500755f553725cfe967bafba7d9"},
  "phoenix_live_reload": {:hex, :phoenix_live_reload, "1.2.1", "274a4b07c4adbdd7785d45a8b0bb57634d0b4f45b18d2c508b26c0344bd59b8f", [:mix], [{:file_system, "~> 0.2.1 or ~> 0.3", [hex: :file_system, repo: "hexpm", optional: false]}, {:phoenix, "~> 1.4", [hex: :phoenix, repo: "hexpm", optional: false]}], "hexpm", "41b4103a2fa282cfd747d377233baf213c648fdcc7928f432937676532490eee"},
  "phoenix_live_view": {:hex, :phoenix_live_view, "0.4.1", "17e04bd09873c64d8d8e9b8322fee1911044af3d5b2ec5e54fa5c06fbe35c4e6", [:mix], [{:jason, "~> 1.0", [hex: :jason, repo: "hexpm", optional: true]}, {:phoenix, "~> 1.4.9", [hex: :phoenix, repo: "hexpm", optional: false]}, {:phoenix_html, "~> 2.13.2", [hex: :phoenix_html, repo: "hexpm", optional: false]}], "hexpm", "fdc9ac73993b78eca13ef712451398ba834786724281e7c163862dd08efc5da8"},
  "phoenix_pubsub": {:hex, :phoenix_pubsub, "1.1.2", "496c303bdf1b2e98a9d26e89af5bba3ab487ba3a3735f74bf1f4064d2a845a3e", [:mix], [], "hexpm", "1f13f9f0f3e769a667a6b6828d29dec37497a082d195cc52dbef401a9b69bf38"},
  "plug": {:hex, :plug, "1.8.3", "12d5f9796dc72e8ac9614e94bda5e51c4c028d0d428e9297650d09e15a684478", [:mix], [{:mime, "~> 1.0", [hex: :mime, repo: "hexpm", optional: false]}, {:plug_crypto, "~> 1.0", [hex: :plug_crypto, repo: "hexpm", optional: false]}, {:telemetry, "~> 0.4", [hex: :telemetry, repo: "hexpm", optional: true]}], "hexpm", "164baaeb382d19beee0ec484492aa82a9c8685770aee33b24ec727a0971b34d0"},
  "plug_cowboy": {:hex, :plug_cowboy, "2.1.0", "b75768153c3a8a9e8039d4b25bb9b14efbc58e9c4a6e6a270abff1cd30cbe320", [:mix], [{:cowboy, "~> 2.5", [hex: :cowboy, repo: "hexpm", optional: false]}, {:plug, "~> 1.7", [hex: :plug, repo: "hexpm", optional: false]}], "hexpm", "6cd8ddd1bd1fbfa54d3fc61d4719c2057dae67615395d58d40437a919a46f132"},
  "plug_crypto": {:hex, :plug_crypto, "1.0.0", "18e49317d3fa343f24620ed22795ec29d4a5e602d52d1513ccea0b07d8ea7d4d", [:mix], [], "hexpm", "73c1682f0e414cfb5d9b95c8e8cd6ffcfdae699e3b05e1db744e58b7be857759"},
  "postgrex": {:hex, :postgrex, "0.15.3", "5806baa8a19a68c4d07c7a624ccdb9b57e89cbc573f1b98099e3741214746ae4", [:mix], [{:connection, "~> 1.0", [hex: :connection, repo: "hexpm", optional: false]}, {:db_connection, "~> 2.1", [hex: :db_connection, repo: "hexpm", optional: false]}, {:decimal, "~> 1.5", [hex: :decimal, repo: "hexpm", optional: false]}, {:jason, "~> 1.0", [hex: :jason, repo: "hexpm", optional: true]}], "hexpm", "4737ce62a31747b4c63c12b20c62307e51bb4fcd730ca0c32c280991e0606c90"},
  "protobuf": {:hex, :protobuf, "0.5.4", "2e1b8eec211aff034ad8a14e3674220b0158bfb9a3c7128ac9d2a1ed1b3724d3", [:mix], [], "hexpm", "994348a4592408bc99c132603b0fdb686a2b5df0321a8eb1a582ec2bd3495886"},
  "rabbit_common": {:hex, :rabbit_common, "3.7.11", "dc107a55f6213875264c5ffe014a8d7b34004893d9bc9eb5e16d6c519fb96cf1", [:make, :rebar3], [{:jsx, "2.9.0", [hex: :jsx, repo: "hexpm", optional: false]}, {:lager, "3.6.5", [hex: :lager, repo: "hexpm", optional: false]}, {:ranch, "1.7.1", [hex: :ranch, repo: "hexpm", optional: false]}, {:recon, "2.3.6", [hex: :recon, repo: "hexpm", optional: false]}], "hexpm", "47331e75e907991d481dc7450b8ba44a2f79ff0e94c80ef40649bf35c62be690"},
  "railway_ipc": {:hex, :railway_ipc, "0.1.6", "80eadb2df7e5d1240e05e04df7cbd1b2b7a206f105166331f529a68643972bb6", [:mix], [{:amqp, "~> 1.2", [hex: :amqp, repo: "hexpm", optional: false]}, {:ecto_sql, "~> 3.0", [hex: :ecto_sql, repo: "hexpm", optional: false]}, {:elixir_uuid, "~> 1.2", [hex: :elixir_uuid, repo: "hexpm", optional: false]}, {:google_protos, "~> 0.1", [hex: :google_protos, repo: "hexpm", optional: false]}, {:jason, "~> 1.1", [hex: :jason, repo: "hexpm", optional: false]}, {:postgrex, ">= 0.0.0", [hex: :postgrex, repo: "hexpm", optional: false]}, {:protobuf, "~> 0.5.3", [hex: :protobuf, repo: "hexpm", optional: false]}], "hexpm", "f361f7b78ea0ad11346ebce637f7f16b7145423650a3234ef6e8a8b43e108f01"},
  "ranch": {:hex, :ranch, "1.7.1", "6b1fab51b49196860b733a49c07604465a47bdb78aa10c1c16a3d199f7f8c881", [:rebar3], [], "hexpm", "451d8527787df716d99dc36162fca05934915db0b6141bbdac2ea8d3c7afc7d7"},
  "recon": {:hex, :recon, "2.3.6", "2bcad0cf621fb277cabbb6413159cd3aa30265c2dee42c968697988b30108604", [:rebar3], [], "hexpm", "f55198650a8ec01d3efc04797abe550c7d023e7ff8b509f373cf933032049bd8"},
  "telemetry": {:hex, :telemetry, "0.4.1", "ae2718484892448a24470e6aa341bc847c3277bfb8d4e9289f7474d752c09c7f", [:rebar3], [], "hexpm", "4738382e36a0a9a2b6e25d67c960e40e1a2c95560b9f936d8e29de8cd858480f"},
}
